symfony 1467bdb86837e132891dd1b5605248a736cca5fe
twig 4a5057997d6d3ffacb2dad1550972a244d459ab8
monolog 303b8a83c87d5c6d749926cf02620465a5dcd0f2
doctrine-common 2913bcf6cf5a39fba49b4de07650510a56612929
doctrine-dbal 17005ec6a0d1c6647597c37749a1087807e12c83
doctrine 623ab9cee97b99188f0b5bb671ef8e2618485bf5
swiftmailer 8c3165691e36302405926abbae7526549db8b899
assetic f829ad23d23c87480151a21faad49fefe7c09e5d
twig-extensions eba4f5d572bec05c72a47bbd73ba0a3330cf8f54
metadata 014d200714030996ae8ea26a7ccaccf86fc89734
SensioFrameworkExtraBundle 9b9194a47effc66b08d44ae110b982352119ca17
JMSSecurityExtraBundle b8b7eb294ed83d83ca7260ac018e701f08003538
SensioDistributionBundle a186b53154bc137a65802ef567e4a2eee2082d21
SensioGeneratorBundle 88ecf05691825c81b6a19ca6e2dc1849f1a5dcd4
AsseticBundle 41b5913b5086a0909af92adcb4a6005ee0051b16

MenuBundle e5d9c865ea7375abd6dbd251d47fc016597053ac
gherkin ebf711c78542c83a98c65d1ab0ce8002afd616e5
behat e1652097725dd917a47d34d352517ad2493d151a
BehatBundle 628eb52b0f213f00cb8251fa636e899d6ddf1751
mink d0c2d91e462562f526721508c4f91ed0c47115ca
goutte 0e1de4674b21474de13e11b4cb39352e6265954f
zend e10ae0f4d4427e9a5cdb03f58c78a701d57a74d5
buzz bbd80ebd50510217597d4d9a75b57564cb8a7b32
SahiClient fe8a66ef3162fa783fc0ad8d49d5f3b59a4682da
MinkBundle 0bdad1d30b8d6af981920615c9102fd8ab4b5408
MenuBundle e5d9c865ea7375abd6dbd251d47fc016597053ac
